
Microsoft Visual Studio Solution File, Format Version 12.00
# Visual Studio Version 17
VisualStudioVersion = 17.14.36408.4 d17.14
MinimumVisualStudioVersion = 10.0.40219.1
Project("{888888A0-9F3D-457C-B088-3A5042F75D52}") = "e_TokyoGhoul", "e_TokyoGhoul\e_TokyoGhoul.pyproj", "{C5D10C7E-5EEA-426E-8F67-76798545A0EC}"
EndProject
Global
	GlobalSection(SolutionConfigurationPlatforms) = preSolution
		Debug|Any CPU = Debug|Any CPU
		Release|Any CPU = Release|Any CPU
	EndGlobalSection
	GlobalSection(ProjectConfigurationPlatforms) = postSolution
		{C5D10C7E-5EEA-426E-8F67-76798545A0EC}.Debug|Any CPU.ActiveCfg = Debug|Any CPU
		{C5D10C7E-5EEA-426E-8F67-76798545A0EC}.Release|Any CPU.ActiveCfg = Release|Any CPU
	EndGlobalSection
	GlobalSection(SolutionProperties) = preSolution
		HideSolutionNode = FALSE
	EndGlobalSection
	GlobalSection(ExtensibilityGlobals) = postSolution
		SolutionGuid = {E93E677D-8669-4840-B186-34226DC301F1}
	EndGlobalSection
EndGlobal
